// !$*UTF8*$!
{
	archiveVersion = 1;
	classes = {
	};
	objectVersion = 55;
	objects = {

/* Begin PBXBuildFile section */
		046FC2B528361C340030F4FD /* AppDelegate.swift in Sources */ = {isa = PBXBuildFile; fileRef = 046FC2B428361C340030F4FD /* AppDelegate.swift */; };
		046FC2B728361C340030F4FD /* SceneDelegate.swift in Sources */ = {isa = PBXBuildFile; fileRef = 046FC2B628361C340030F4FD /* SceneDelegate.swift */; };
		046FC2BE28361C350030F4FD /* Assets.xcassets in Resources */ = {isa = PBXBuildFile; fileRef = 046FC2BD28361C350030F4FD /* Assets.xcassets */; };
		046FC2C128361C350030F4FD /* LaunchScreen.storyboard in Resources */ = {isa = PBXBuildFile; fileRef = 046FC2BF28361C350030F4FD /* LaunchScreen.storyboard */; };
		046FC2C928361CA10030F4FD /* NewsFeedVC.swift in Sources */ = {isa = PBXBuildFile; fileRef = 046FC2C828361CA10030F4FD /* NewsFeedVC.swift */; };
		046FC2CB28361E000030F4FD /* FeaturedNewsCVC.swift in Sources */ = {isa = PBXBuildFile; fileRef = 046FC2CA28361E000030F4FD /* FeaturedNewsCVC.swift */; };
		046FC2CD28361E100030F4FD /* NewsCVC.swift in Sources */ = {isa = PBXBuildFile; fileRef = 046FC2CC28361E100030F4FD /* NewsCVC.swift */; };
		046FC2CF283629B50030F4FD /* UICollectionView+Extensions.swift in Sources */ = {isa = PBXBuildFile; fileRef = 046FC2CE283629B50030F4FD /* UICollectionView+Extensions.swift */; };
		046FC2D128362A590030F4FD /* Builder.swift in Sources */ = {isa = PBXBuildFile; fileRef = 046FC2D028362A590030F4FD /* Builder.swift */; };
		046FC2D328362B150030F4FD /* NewsService.swift in Sources */ = {isa = PBXBuildFile; fileRef = 046FC2D228362B150030F4FD /* NewsService.swift */; };
		046FC2D9283631750030F4FD /* ServerService.swift in Sources */ = {isa = PBXBuildFile; fileRef = 046FC2D8283631750030F4FD /* ServerService.swift */; };
		046FC2DD283646820030F4FD /* NewsFeedPresenter.swift in Sources */ = {isa = PBXBuildFile; fileRef = 046FC2DC283646820030F4FD /* NewsFeedPresenter.swift */; };
		046FC2E02836488C0030F4FD /* News.swift in Sources */ = {isa = PBXBuildFile; fileRef = 046FC2DF2836488C0030F4FD /* News.swift */; };
		046FC2E2283651870030F4FD /* NewsResponseParser.swift in Sources */ = {isa = PBXBuildFile; fileRef = 046FC2E1283651870030F4FD /* NewsResponseParser.swift */; };
		046FC2E4283666520030F4FD /* NewsDateFormatter.swift in Sources */ = {isa = PBXBuildFile; fileRef = 046FC2E3283666520030F4FD /* NewsDateFormatter.swift */; };
		046FC2E62836673C0030F4FD /* SimpleImageLoader.swift in Sources */ = {isa = PBXBuildFile; fileRef = 046FC2E52836673C0030F4FD /* SimpleImageLoader.swift */; };
/* End PBXBuildFile section */

/* Begin PBXFileReference section */
		046FC2B128361C340030F4FD /* NewsAppTest.app */ = {isa = PBXFileReference; explicitFileType = wrapper.application; includeInIndex = 0; path = NewsAppTest.app; sourceTree = BUILT_PRODUCTS_DIR; };
		046FC2B428361C340030F4FD /* AppDelegate.swift */ = {isa = PBXFileReference; lastKnownFileType = sourcecode.swift; path = AppDelegate.swift; sourceTree = "<group>"; };
		046FC2B628361C340030F4FD /* SceneDelegate.swift */ = {isa = PBXFileReference; lastKnownFileType = sourcecode.swift; path = SceneDelegate.swift; sourceTree = "<group>"; };
		046FC2BD28361C350030F4FD /* Assets.xcassets */ = {isa = PBXFileReference; lastKnownFileType = folder.assetcatalog; path = Assets.xcassets; sourceTree = "<group>"; };
		046FC2C028361C350030F4FD /* Base */ = {isa = PBXFileReference; lastKnownFileType = file.storyboard; name = Base; path = Base.lproj/LaunchScreen.storyboard; sourceTree = "<group>"; };
		046FC2C228361C350030F4FD /* Info.plist */ = {isa = PBXFileReference; lastKnownFileType = text.plist.xml; path = Info.plist; sourceTree = "<group>"; };
		046FC2C828361CA10030F4FD /* NewsFeedVC.swift */ = {isa = PBXFileReference; lastKnownFileType = sourcecode.swift; path = NewsFeedVC.swift; sourceTree = "<group>"; };
		046FC2CA28361E000030F4FD /* FeaturedNewsCVC.swift */ = {isa = PBXFileReference; lastKnownFileType = sourcecode.swift; path = FeaturedNewsCVC.swift; sourceTree = "<group>"; };
		046FC2CC28361E100030F4FD /* NewsCVC.swift */ = {isa = PBXFileReference; lastKnownFileType = sourcecode.swift; path = NewsCVC.swift; sourceTree = "<group>"; };
		046FC2CE283629B50030F4FD /* UICollectionView+Extensions.swift */ = {isa = PBXFileReference; lastKnownFileType = sourcecode.swift; path = "UICollectionView+Extensions.swift"; sourceTree = "<group>"; };
		046FC2D028362A590030F4FD /* Builder.swift */ = {isa = PBXFileReference; lastKnownFileType = sourcecode.swift; path = Builder.swift; sourceTree = "<group>"; };
		046FC2D228362B150030F4FD /* NewsService.swift */ = {isa = PBXFileReference; lastKnownFileType = sourcecode.swift; path = NewsService.swift; sourceTree = "<group>"; };
		046FC2D8283631750030F4FD /* ServerService.swift */ = {isa = PBXFileReference; lastKnownFileType = sourcecode.swift; path = ServerService.swift; sourceTree = "<group>"; };
		046FC2DC283646820030F4FD /* NewsFeedPresenter.swift */ = {isa = PBXFileReference; lastKnownFileType = sourcecode.swift; path = NewsFeedPresenter.swift; sourceTree = "<group>"; };
		046FC2DF2836488C0030F4FD /* News.swift */ = {isa = PBXFileReference; lastKnownFileType = sourcecode.swift; path = News.swift; sourceTree = "<group>"; };
		046FC2E1283651870030F4FD /* NewsResponseParser.swift */ = {isa = PBXFileReference; lastKnownFileType = sourcecode.swift; path = NewsResponseParser.swift; sourceTree = "<group>"; };
		046FC2E3283666520030F4FD /* NewsDateFormatter.swift */ = {isa = PBXFileReference; lastKnownFileType = sourcecode.swift; path = NewsDateFormatter.swift; sourceTree = "<group>"; };
		046FC2E52836673C0030F4FD /* SimpleImageLoader.swift */ = {isa = PBXFileReference; lastKnownFileType = sourcecode.swift; path = SimpleImageLoader.swift; sourceTree = "<group>"; };
/* End PBXFileReference section */

/* Begin PBXFrameworksBuildPhase section */
		046FC2AE28361C340030F4FD /* Frameworks */ = {
			isa = PBXFrameworksBuildPhase;
			buildActionMask = 2147483647;
			files = (
			);
			runOnlyForDeploymentPostprocessing = 0;
		};
/* End PBXFrameworksBuildPhase section */

/* Begin PBXGroup section */
		046FC2A828361C330030F4FD = {
			isa = PBXGroup;
			children = (
				046FC2B328361C340030F4FD /* NewsAppTest */,
				046FC2B228361C340030F4FD /* Products */,
			);
			sourceTree = "<group>";
		};
		046FC2B228361C340030F4FD /* Products */ = {
			isa = PBXGroup;
			children = (
				046FC2B128361C340030F4FD /* NewsAppTest.app */,
			);
			name = Products;
			sourceTree = "<group>";
		};
		046FC2B328361C340030F4FD /* NewsAppTest */ = {
			isa = PBXGroup;
			children = (
				046FC2DE283648800030F4FD /* Models */,
				046FC2D728362B6F0030F4FD /* Services */,
				046FC2D628362B520030F4FD /* Views */,
				046FC2D528362B2F0030F4FD /* Cells */,
				046FC2D428362B200030F4FD /* Extensions */,
				046FC2B428361C340030F4FD /* AppDelegate.swift */,
				046FC2B628361C340030F4FD /* SceneDelegate.swift */,
				046FC2BD28361C350030F4FD /* Assets.xcassets */,
				046FC2BF28361C350030F4FD /* LaunchScreen.storyboard */,
				046FC2C228361C350030F4FD /* Info.plist */,
			);
			path = NewsAppTest;
			sourceTree = "<group>";
		};
		046FC2D428362B200030F4FD /* Extensions */ = {
			isa = PBXGroup;
			children = (
				046FC2D028362A590030F4FD /* Builder.swift */,
				046FC2CE283629B50030F4FD /* UICollectionView+Extensions.swift */,
				046FC2E3283666520030F4FD /* NewsDateFormatter.swift */,
			);
			path = Extensions;
			sourceTree = "<group>";
		};
		046FC2D528362B2F0030F4FD /* Cells */ = {
			isa = PBXGroup;
			children = (
				046FC2CA28361E000030F4FD /* FeaturedNewsCVC.swift */,
				046FC2CC28361E100030F4FD /* NewsCVC.swift */,
			);
			path = Cells;
			sourceTree = "<group>";
		};
		046FC2D628362B520030F4FD /* Views */ = {
			isa = PBXGroup;
			children = (
				046FC2C828361CA10030F4FD /* NewsFeedVC.swift */,
				046FC2DC283646820030F4FD /* NewsFeedPresenter.swift */,
			);
			path = Views;
			sourceTree = "<group>";
		};
		046FC2D728362B6F0030F4FD /* Services */ = {
			isa = PBXGroup;
			children = (
				046FC2D228362B150030F4FD /* NewsService.swift */,
				046FC2D8283631750030F4FD /* ServerService.swift */,
				046FC2E1283651870030F4FD /* NewsResponseParser.swift */,
				046FC2E52836673C0030F4FD /* SimpleImageLoader.swift */,
			);
			path = Services;
			sourceTree = "<group>";
		};
		046FC2DE283648800030F4FD /* Models */ = {
			isa = PBXGroup;
			children = (
				046FC2DF2836488C0030F4FD /* News.swift */,
			);
			path = Models;
			sourceTree = "<group>";
		};
/* End PBXGroup section */

/* Begin PBXNativeTarget section */
		046FC2B028361C340030F4FD /* NewsAppTest */ = {
			isa = PBXNativeTarget;
			buildConfigurationList = 046FC2C528361C350030F4FD /* Build configuration list for PBXNativeTarget "NewsAppTest" */;
			buildPhases = (
				046FC2AD28361C340030F4FD /* Sources */,
				046FC2AE28361C340030F4FD /* Frameworks */,
				046FC2AF28361C340030F4FD /* Resources */,
			);
			buildRules = (
			);
			dependencies = (
			);
			name = NewsAppTest;
			productName = NewsAppTest;
			productReference = 046FC2B128361C340030F4FD /* NewsAppTest.app */;
			productType = "com.apple.product-type.application";
		};
/* End PBXNativeTarget section */

/* Begin PBXProject section */
		046FC2A928361C330030F4FD /* Project object */ = {
			isa = PBXProject;
			attributes = {
				BuildIndependentTargetsInParallel = 1;
				LastSwiftUpdateCheck = 1330;
				LastUpgradeCheck = 1330;
				TargetAttributes = {
					046FC2B028361C340030F4FD = {
						CreatedOnToolsVersion = 13.3;
					};
				};
			};
			buildConfigurationList = 046FC2AC28361C330030F4FD /* Build configuration list for PBXProject "NewsAppTest" */;
			compatibilityVersion = "Xcode 13.0";
			developmentRegion = en;
			hasScannedForEncodings = 0;
			knownRegions = (
				en,
				Base,
			);
			mainGroup = 046FC2A828361C330030F4FD;
			productRefGroup = 046FC2B228361C340030F4FD /* Products */;
			projectDirPath = "";
			projectRoot = "";
			targets = (
				046FC2B028361C340030F4FD /* NewsAppTest */,
			);
		};
/* End PBXProject section */

/* Begin PBXResourcesBuildPhase section */
		046FC2AF28361C340030F4FD /* Resources */ = {
			isa = PBXResourcesBuildPhase;
			buildActionMask = 2147483647;
			files = (
				046FC2C128361C350030F4FD /* LaunchScreen.storyboard in Resources */,
				046FC2BE28361C350030F4FD /* Assets.xcassets in Resources */,
			);
			runOnlyForDeploymentPostprocessing = 0;
		};
/* End PBXResourcesBuildPhase section */

/* Begin PBXSourcesBuildPhase section */
		046FC2AD28361C340030F4FD /* Sources */ = {
			isa = PBXSourcesBuildPhase;
			buildActionMask = 2147483647;
			files = (
				046FC2E62836673C0030F4FD /* SimpleImageLoader.swift in Sources */,
				046FC2B528361C340030F4FD /* AppDelegate.swift in Sources */,
				046FC2DD283646820030F4FD /* NewsFeedPresenter.swift in Sources */,
				046FC2CB28361E000030F4FD /* FeaturedNewsCVC.swift in Sources */,
				046FC2D328362B150030F4FD /* NewsService.swift in Sources */,
				046FC2E2283651870030F4FD /* NewsResponseParser.swift in Sources */,
				046FC2D128362A590030F4FD /* Builder.swift in Sources */,
				046FC2E4283666520030F4FD /* NewsDateFormatter.swift in Sources */,
				046FC2CF283629B50030F4FD /* UICollectionView+Extensions.swift in Sources */,
				046FC2E02836488C0030F4FD /* News.swift in Sources */,
				046FC2CD28361E100030F4FD /* NewsCVC.swift in Sources */,
				046FC2C928361CA10030F4FD /* NewsFeedVC.swift in Sources */,
				046FC2B728361C340030F4FD /* SceneDelegate.swift in Sources */,
				046FC2D9283631750030F4FD /* ServerService.swift in Sources */,
			);
			runOnlyForDeploymentPostprocessing = 0;
		};
/* End PBXSourcesBuildPhase section */

/* Begin PBXVariantGroup section */
		046FC2BF28361C350030F4FD /* LaunchScreen.storyboard */ = {
			isa = PBXVariantGroup;
			children = (
				046FC2C028361C350030F4FD /* Base */,
			);
			name = LaunchScreen.storyboard;
			sourceTree = "<group>";
		};
/* End PBXVariantGroup section */

/* Begin XCBuildConfiguration section */
		046FC2C328361C350030F4FD /* Debug */ = {
			isa = XCBuildConfiguration;
			buildSettings = {
				ALWAYS_SEARCH_USER_PATHS = NO;
				CLANG_ANALYZER_NONNULL = YES;
				CLANG_ANALYZER_NUMBER_OBJECT_CONVERSION = YES_AGGRESSIVE;
				CLANG_CXX_LANGUAGE_STANDARD = "gnu++17";
				CLANG_ENABLE_MODULES = YES;
				CLANG_ENABLE_OBJC_ARC = YES;
				CLANG_ENABLE_OBJC_WEAK = YES;
				CLANG_WARN_BLOCK_CAPTURE_AUTORELEASING = YES;
				CLANG_WARN_BOOL_CONVERSION = YES;
				CLANG_WARN_COMMA = YES;
				CLANG_WARN_CONSTANT_CONVERSION = YES;
				CLANG_WARN_DEPRECATED_OBJC_IMPLEMENTATIONS = YES;
				CLANG_WARN_DIRECT_OBJC_ISA_USAGE = YES_ERROR;
				CLANG_WARN_DOCUMENTATION_COMMENTS = YES;
				CLANG_WARN_EMPTY_BODY = YES;
				CLANG_WARN_ENUM_CONVERSION = YES;
				CLANG_WARN_INFINITE_RECURSION = YES;
				CLANG_WARN_INT_CONVERSION = YES;
				CLANG_WARN_NON_LITERAL_NULL_CONVERSION = YES;
				CLANG_WARN_OBJC_IMPLICIT_RETAIN_SELF = YES;
				CLANG_WARN_OBJC_LITERAL_CONVERSION = YES;
				CLANG_WARN_OBJC_ROOT_CLASS = YES_ERROR;
				CLANG_WARN_QUOTED_INCLUDE_IN_FRAMEWORK_HEADER = YES;
				CLANG_WARN_RANGE_LOOP_ANALYSIS = YES;
				CLANG_WARN_STRICT_PROTOTYPES = YES;
				CLANG_WARN_SUSPICIOUS_MOVE = YES;
				CLANG_WARN_UNGUARDED_AVAILABILITY = YES_AGGRESSIVE;
				CLANG_WARN_UNREACHABLE_CODE = YES;
				CLANG_WARN__DUPLICATE_METHOD_MATCH = YES;
				COPY_PHASE_STRIP = NO;
				DEBUG_INFORMATION_FORMAT = dwarf;
				ENABLE_STRICT_OBJC_MSGSEND = YES;
				ENABLE_TESTABILITY = YES;
				GCC_C_LANGUAGE_STANDARD = gnu11;
				GCC_DYNAMIC_NO_PIC = NO;
				GCC_NO_COMMON_BLOCKS = YES;
				GCC_OPTIMIZATION_LEVEL = 0;
				GCC_PREPROCESSOR_DEFINITIONS = (
					"DEBUG=1",
					"$(inherited)",
				);
				GCC_WARN_64_TO_32_BIT_CONVERSION = YES;
				GCC_WARN_ABOUT_RETURN_TYPE = YES_ERROR;
				GCC_WARN_UNDECLARED_SELECTOR = YES;
				GCC_WARN_UNINITIALIZED_AUTOS = YES_AGGRESSIVE;
				GCC_WARN_UNUSED_FUNCTION = YES;
				GCC_WARN_UNUSED_VARIABLE = YES;
				IPHONEOS_DEPLOYMENT_TARGET = 15.4;
				MTL_ENABLE_DEBUG_INFO = INCLUDE_SOURCE;
				MTL_FAST_MATH = YES;
				ONLY_ACTIVE_ARCH = YES;
				SDKROOT = iphoneos;
				SWIFT_ACTIVE_COMPILATION_CONDITIONS = DEBUG;
				SWIFT_OPTIMIZATION_LEVEL = "-Onone";
			};
			name = Debug;
		};
		046FC2C428361C350030F4FD /* Release */ = {
			isa = XCBuildConfiguration;
			buildSettings = {
				ALWAYS_SEARCH_USER_PATHS = NO;
				CLANG_ANALYZER_NONNULL = YES;
				CLANG_ANALYZER_NUMBER_OBJECT_CONVERSION = YES_AGGRESSIVE;
				CLANG_CXX_LANGUAGE_STANDARD = "gnu++17";
				CLANG_ENABLE_MODULES = YES;
				CLANG_ENABLE_OBJC_ARC = YES;
				CLANG_ENABLE_OBJC_WEAK = YES;
				CLANG_WARN_BLOCK_CAPTURE_AUTORELEASING = YES;
				CLANG_WARN_BOOL_CONVERSION = YES;
				CLANG_WARN_COMMA = YES;
				CLANG_WARN_CONSTANT_CONVERSION = YES;
				CLANG_WARN_DEPRECATED_OBJC_IMPLEMENTATIONS = YES;
				CLANG_WARN_DIRECT_OBJC_ISA_USAGE = YES_ERROR;
				CLANG_WARN_DOCUMENTATION_COMMENTS = YES;
				CLANG_WARN_EMPTY_BODY = YES;
				CLANG_WARN_ENUM_CONVERSION = YES;
				CLANG_WARN_INFINITE_RECURSION = YES;
				CLANG_WARN_INT_CONVERSION = YES;
				CLANG_WARN_NON_LITERAL_NULL_CONVERSION = YES;
				CLANG_WARN_OBJC_IMPLICIT_RETAIN_SELF = YES;
				CLANG_WARN_OBJC_LITERAL_CONVERSION = YES;
				CLANG_WARN_OBJC_ROOT_CLASS = YES_ERROR;
				CLANG_WARN_QUOTED_INCLUDE_IN_FRAMEWORK_HEADER = YES;
				CLANG_WARN_RANGE_LOOP_ANALYSIS = YES;
				CLANG_WARN_STRICT_PROTOTYPES = YES;
				CLANG_WARN_SUSPICIOUS_MOVE = YES;
				CLANG_WARN_UNGUARDED_AVAILABILITY = YES_AGGRESSIVE;
				CLANG_WARN_UNREACHABLE_CODE = YES;
				CLANG_WARN__DUPLICATE_METHOD_MATCH = YES;
				COPY_PHASE_STRIP = NO;
				DEBUG_INFORMATION_FORMAT = "dwarf-with-dsym";
				ENABLE_NS_ASSERTIONS = NO;
				ENABLE_STRICT_OBJC_MSGSEND = YES;
				GCC_C_LANGUAGE_STANDARD = gnu11;
				GCC_NO_COMMON_BLOCKS = YES;
				GCC_WARN_64_TO_32_BIT_CONVERSION = YES;
				GCC_WARN_ABOUT_RETURN_TYPE = YES_ERROR;
				GCC_WARN_UNDECLARED_SELECTOR = YES;
				GCC_WARN_UNINITIALIZED_AUTOS = YES_AGGRESSIVE;
				GCC_WARN_UNUSED_FUNCTION = YES;
				GCC_WARN_UNUSED_VARIABLE = YES;
				IPHONEOS_DEPLOYMENT_TARGET = 15.4;
				MTL_ENABLE_DEBUG_INFO = NO;
				MTL_FAST_MATH = YES;
				SDKROOT = iphoneos;
				SWIFT_COMPILATION_MODE = wholemodule;
				SWIFT_OPTIMIZATION_LEVEL = "-O";
				VALIDATE_PRODUCT = YES;
			};
			name = Release;
		};
		046FC2C628361C350030F4FD /* Debug */ = {
			isa = XCBuildConfiguration;
			buildSettings = {
				ASSETCATALOG_COMPILER_APPICON_NAME = AppIcon;
				ASSETCATALOG_COMPILER_GLOBAL_ACCENT_COLOR_NAME = AccentColor;
				CODE_SIGN_STYLE = Automatic;
				CURRENT_PROJECT_VERSION = 1;
				DEVELOPMENT_TEAM = X6XH3L9CNQ;
				GENERATE_INFOPLIST_FILE = YES;
				INFOPLIST_FILE = NewsAppTest/Info.plist;
				INFOPLIST_KEY_UIApplicationSupportsIndirectInputEvents = YES;
				INFOPLIST_KEY_UILaunchStoryboardName = LaunchScreen;
				INFOPLIST_KEY_UISupportedInterfaceOrientations_iPad = "UIInterfaceOrientationPortrait UIInterfaceOrientationPortraitUpsideDown UIInterfaceOrientationLandscapeLeft UIInterfaceOrientationLandscapeRight";
				INFOPLIST_KEY_UISupportedInterfaceOrientations_iPhone = "UIInterfaceOrientationPortrait UIInterfaceOrientationLandscapeLeft UIInterfaceOrientationLandscapeRight";
				LD_RUNPATH_SEARCH_PATHS = (
					"$(inherited)",
					"@executable_path/Frameworks",
				);
				MARKETING_VERSION = 1.0;
				PRODUCT_BUNDLE_IDENTIFIER = ru.alabash.NewsAppTest;
				PRODUCT_NAME = "$(TARGET_NAME)";
				SWIFT_EMIT_LOC_STRINGS = YES;
				SWIFT_VERSION = 5.0;
				TARGETED_DEVICE_FAMILY = "1,2";
			};
			name = Debug;
		};
		046FC2C728361C350030F4FD /* Release */ = {
			isa = XCBuildConfiguration;
			buildSettings = {
				ASSETCATALOG_COMPILER_APPICON_NAME = AppIcon;
				ASSETCATALOG_COMPILER_GLOBAL_ACCENT_COLOR_NAME = AccentColor;
				CODE_SIGN_STYLE = Automatic;
				CURRENT_PROJECT_VERSION = 1;
				DEVELOPMENT_TEAM = X6XH3L9CNQ;
				GENERATE_INFOPLIST_FILE = YES;
				INFOPLIST_FILE = NewsAppTest/Info.plist;
				INFOPLIST_KEY_UIApplicationSupportsIndirectInputEvents = YES;
				INFOPLIST_KEY_UILaunchStoryboardName = LaunchScreen;
				INFOPLIST_KEY_UISupportedInterfaceOrientations_iPad = "UIInterfaceOrientationPortrait UIInterfaceOrientationPortraitUpsideDown UIInterfaceOrientationLandscapeLeft UIInterfaceOrientationLandscapeRight";
				INFOPLIST_KEY_UISupportedInterfaceOrientations_iPhone = "UIInterfaceOrientationPortrait UIInterfaceOrientationLandscapeLeft UIInterfaceOrientationLandscapeRight";
				LD_RUNPATH_SEARCH_PATHS = (
					"$(inherited)",
					"@executable_path/Frameworks",
				);
				MARKETING_VERSION = 1.0;
				PRODUCT_BUNDLE_IDENTIFIER = ru.alabash.NewsAppTest;
				PRODUCT_NAME = "$(TARGET_NAME)";
				SWIFT_EMIT_LOC_STRINGS = YES;
				SWIFT_VERSION = 5.0;
				TARGETED_DEVICE_FAMILY = "1,2";
			};
			name = Release;
		};
/* End XCBuildConfiguration section */

/* Begin XCConfigurationList section */
		046FC2AC28361C330030F4FD /* Build configuration list for PBXProject "NewsAppTest" */ = {
			isa = XCConfigurationList;
			buildConfigurations = (
				046FC2C328361C350030F4FD /* Debug */,
				046FC2C428361C350030F4FD /* Release */,
			);
			defaultConfigurationIsVisible = 0;
			defaultConfigurationName = Release;
		};
		046FC2C528361C350030F4FD /* Build configuration list for PBXNativeTarget "NewsAppTest" */ = {
			isa = XCConfigurationList;
			buildConfigurations = (
				046FC2C628361C350030F4FD /* Debug */,
				046FC2C728361C350030F4FD /* Release */,
			);
			defaultConfigurationIsVisible = 0;
			defaultConfigurationName = Release;
		};
/* End XCConfigurationList section */
	};
	rootObject = 046FC2A928361C330030F4FD /* Project object */;
}
